
Microsoft Visual Studio Solution File, Format Version 12.00
# Visual Studio Version 17
VisualStudioVersion = 17.5.002.0
MinimumVisualStudioVersion = 10.0.40219.1
Project("{2150E333-8FDC-42A3-9474-1A3956D46DE8}") = "src", "src", "{2CD879B4-1F13-46A1-8C18-36344DDC3B1E}"
EndProject
Project("{9A19103F-16F7-4668-BE54-9A1E7A4F7556}") = "MyApp", "src\MyApp\MyApp.csproj", "{40D5636F-8B39-45A7-B311-A96A9B25A288}"
EndProject
Global
	GlobalSection(SolutionConfigurationPlatforms) = preSolution
		Debug|Any CPU = Debug|Any CPU
		Release|Any CPU = Release|Any CPU
	EndGlobalSection
	GlobalSection(ProjectConfigurationPlatforms) = postSolution
		{40D5636F-8B39-45A7-B311-A96A9B25A288}.Debug|Any CPU.ActiveCfg = Debug|Any CPU
		{40D5636F-8B39-45A7-B311-A96A9B25A288}.Debug|Any CPU.Build.0 = Debug|Any CPU
		{40D5636F-8B39-45A7-B311-A96A9B25A288}.Release|Any CPU.ActiveCfg = Release|Any CPU
		{40D5636F-8B39-45A7-B311-A96A9B25A288}.Release|Any CPU.Build.0 = Release|Any CPU
	EndGlobalSection
	GlobalSection(SolutionProperties) = preSolution
		HideSolutionNode = FALSE
	EndGlobalSection
	GlobalSection(NestedProjects) = preSolution
		{40D5636F-8B39-45A7-B311-A96A9B25A288} = {2CD879B4-1F13-46A1-8C18-36344DDC3B1E}
	EndGlobalSection
	GlobalSection(ExtensibilityGlobals) = postSolution
		SolutionGuid = {AFEF7886-D051-4F0B-AE99-3A4A0118BD6C}
	EndGlobalSection
EndGlobal
